
Microsoft Visual Studio Solution File, Format Version 12.00
# Visual Studio Version 17
VisualStudioVersion = 17.0.32112.339
MinimumVisualStudioVersion = 10.0.40219.1
Project("{FAE04EC0-301F-11D3-BF4B-00C04F79EFBC}") = "CalificationAppWeb", "CalificationAppWeb\CalificationAppWeb.csproj", "{BFA8CA1F-DCA1-488C-A73D-59EBE98F46A6}"
EndProject
Global
	GlobalSection(SolutionConfigurationPlatforms) = preSolution
		Debug|Any CPU = Debug|Any CPU
		Release|Any CPU = Release|Any CPU
	EndGlobalSection
	GlobalSection(ProjectConfigurationPlatforms) = postSolution
		{BFA8CA1F-DCA1-488C-A73D-59EBE98F46A6}.Debug|Any CPU.ActiveCfg = Debug|Any CPU
		{BFA8CA1F-DCA1-488C-A73D-59EBE98F46A6}.Debug|Any CPU.Build.0 = Debug|Any CPU
		{BFA8CA1F-DCA1-488C-A73D-59EBE98F46A6}.Release|Any CPU.ActiveCfg = Release|Any CPU
		{BFA8CA1F-DCA1-488C-A73D-59EBE98F46A6}.Release|Any CPU.Build.0 = Release|Any CPU
	EndGlobalSection
	GlobalSection(SolutionProperties) = preSolution
		HideSolutionNode = FALSE
	EndGlobalSection
	GlobalSection(ExtensibilityGlobals) = postSolution
		SolutionGuid = {5000BF80-6952-4D86-A040-9B4766B6D241}
	EndGlobalSection
EndGlobal
